github.com/cpuguy83/go-md2man/v2 v2.0.4/go.mod h1:tgQtvFlXSQOSOSIRvRPT7W67SCa46tRHOmNcaadrF8o=
github.com/inconshreveable/mousetrap v1.1.0 h1:wN+x4NVGpMsO7ErUn/mUI3vEoE6Jt13X2s0bqwp9tc8=
github.com/inconshreveable/mousetrap v1.1.0/go.mod h1:vpF70FUmC8bwa3OWnCshd2FqLfsEA9PFc4w1p2J65bw=
github.com/russross/blackfriday/v2 v2.1.0/go.mod h1:+Rmxgy9KzJVeS9/2gXHxylqXiyQDYRxCVz55jmeOWTM=
github.com/spf13/cobra v1.8.1 h1:e5/vxKd/rZsfSJMUX1agtjeTDf+qv1/JdBF8gg5k9ZM=
github.com/spf13/cobra v1.8.1/go.mod h1:wHxEcudfqmLYa8iTfL+OuZPbBZkmvliBWKIezN3kD9Y=
github.com/spf13/pflag v1.0.5/go.mod h1:McXfInJRrz4CZXVZOBLb0bTZqETkiAhM9Iw0y3An2Bg=
github.com/spf13/pflag v1.0.6 h1:jFzHGLGAlb3ruxLB8MhbI6A8+AQX/2eW4qeyNZXNp2o=
github.com/spf13/pflag v1.0.6/go.mod h1:McXfInJRrz4CZXVZOBLb0bTZqETkiAhM9Iw0y3An2Bg=
github.com/vldcreation/helpme-package v0.0.0-20250312055839-53674458d02c h1:tlPp23J68P+MRtMKexbmJplqV/vH0ykMCG+aTp2W8X8=
github.com/vldcreation/helpme-package v0.0.0-20250312055839-53674458d02c/go.mod h1:e6LMZa9G0LPO3+nmb57/dlkkQCuPOn2v2CUeGV+JVus=
github.com/vldcreation/helpme-package/pkg v0.0.0-20250312031606-8f3adeb6188b h1:IVB/yTReDgFbXF1CcmrwEHqAYNL5bz3uNnOumscZHlg=
github.com/vldcreation/helpme-package/pkg v0.0.0-20250312031606-8f3adeb6188b/go.mod h1:wObbyjD3JVm8oZKYMHxMOJOxJDlwgUfdy9Ah6Gb+gmo=
github.com/vldcreation/helpme-package/pkg v0.0.0-20250312055839-53674458d02c h1:cY360aD5x/j7t9xcLcfEi4h+Hh6/Kr5D1G2mD4uuR2Q=
github.com/vldcreation/helpme-package/pkg v0.0.0-20250312055839-53674458d02c/go.mod h1:wObbyjD3JVm8oZKYMHxMOJOxJDlwgUfdy9Ah6Gb+gmo=
github.com/vldcreation/helpme-package/pkg v0.0.0-20250312065853-9e512997ebe8 h1:RYnTlWnlazlzx6KVkH1+ldTUAzWFIITEF0omdYjsP1M=
github.com/vldcreation/helpme-package/pkg v0.0.0-20250312065853-9e512997ebe8/go.mod h1:wObbyjD3JVm8oZKYMHxMOJOxJDlwgUfdy9Ah6Gb+gmo=
github.com/vldcreation/helpme-package/pkg v0.0.0-20250312070251-3164be507bd2 h1:AeH59iY2jRXJXgG6xIMXGtCpjBskuA59bkkd2BAejyE=
github.com/vldcreation/helpme-package/pkg v0.0.0-20250312070251-3164be507bd2/go.mod h1:wObbyjD3JVm8oZKYMHxMOJOxJDlwgUfdy9Ah6Gb+gmo=
github.com/vldcreation/helpme-package/pkg v0.0.0-20250312070421-6b7de7fd744f h1:GLXpywc2q9a76uG8uFlzd41Hj6B+LQUSbA0GsHOWP1Y=
github.com/vldcreation/helpme-package/pkg v0.0.0-20250312070421-6b7de7fd744f/go.mod h1:wObbyjD3JVm8oZKYMHxMOJOxJDlwgUfdy9Ah6Gb+gmo=
github.com/vldcreation/helpme-package/pkg v0.0.0-20250312153947-adda28bed713 h1:3IXvvu/oK92Ri89+rvsVL23vjwRBAmkZWRZy29sa9VI=
github.com/vldcreation/helpme-package/pkg v0.0.0-20250312153947-adda28bed713/go.mod h1:wObbyjD3JVm8oZKYMHxMOJOxJDlwgUfdy9Ah6Gb+gmo=
github.com/vldcreation/helpme-package/pkg v0.0.0-20250312154215-6f131411f3cb h1:WbQfQbMLLyGXda8f/lNnv+O/UX7ngZ8CbcaD7GZWiHE=
github.com/vldcreation/helpme-package/pkg v0.0.0-20250312154215-6f131411f3cb/go.mod h1:wObbyjD3JVm8oZKYMHxMOJOxJDlwgUfdy9Ah6Gb+gmo=
github.com/vldcreation/helpme-package/pkg v0.0.0-20250312160210-b2a53df81119 h1:J0x64CyqfYI4SV/MXgGhWeQhCTsAnGMnd/5+ogcXSfU=
github.com/vldcreation/helpme-package/pkg v0.0.0-20250312160210-b2a53df81119/go.mod h1:wObbyjD3JVm8oZKYMHxMOJOxJDlwgUfdy9Ah6Gb+gmo=
github.com/vldcreation/helpme-package/pkg v0.0.0-20250312160339-434a1edf5c79 h1:7mKu+ZHMw5ZhOWM+H1w3DgRPUIJjHBSPd9ZB/HfvEZg=
github.com/vldcreation/helpme-package/pkg v0.0.0-20250312160339-434a1edf5c79/go.mod h1:wObbyjD3JVm8oZKYMHxMOJOxJDlwgUfdy9Ah6Gb+gmo=
github.com/vldcreation/helpme-package/pkg v0.0.0-20250312160458-37edf67287cf h1:1shl8gCK/7g7wiaZeQPxj+u3lzjjIX7kuMOZrrbEQsM=
github.com/vldcreation/helpme-package/pkg v0.0.0-20250312160458-37edf67287cf/go.mod h1:wObbyjD3JVm8oZKYMHxMOJOxJDlwgUfdy9Ah6Gb+gmo=
github.com/vldcreation/helpme-package/pkg v0.0.0-20250312160942-9521c52ba8ab h1:MC6MlNPcYdrRc8CSCXiiMD8NnlijhGToaIp3SewZcyY=
github.com/vldcreation/helpme-package/pkg v0.0.0-20250312160942-9521c52ba8ab/go.mod h1:wObbyjD3JVm8oZKYMHxMOJOxJDlwgUfdy9Ah6Gb+gmo=
github.com/vldcreation/helpme-package/pkg v0.0.0-20250312161936-d6e243f814c8 h1:GhAuwheA8B5oGHwrWYy6O0n306NCenZVL5vRuXBQKGc=
github.com/vldcreation/helpme-package/pkg v0.0.0-20250312161936-d6e243f814c8/go.mod h1:wObbyjD3JVm8oZKYMHxMOJOxJDlwgUfdy9Ah6Gb+gmo=
golang.org/x/net v0.35.0 h1:T5GQRQb2y08kTAByq9L4/bz8cipCdA8FbRTXewonqY8=
golang.org/x/net v0.35.0/go.mod h1:EglIi67kWsHKlRzzVMUD93VMSWGFOMSZgxFjparz1Qk=
gopkg.in/check.v1 v0.0.0-20161208181325-20d25e280405/go.mod h1:Co6ibVJAznAaIkqp8huTwlJQCZ016jof/cbN4VW5Yz0=
gopkg.in/yaml.v3 v3.0.1/go.mod h1:K4uyk7z7BCEPqu6E+C64Yfv1cQ7kz7rIZviUmN+EgEM=
