github.com/BurntSushi/xgb v0.0.0-20160522181843-27f122750802/go.mod h1:IVnqGOEym/WlBOVXweHU+Q+/VP0lqqI8lqeDx9IjBqo=
github.com/cpuguy83/go-md2man/v2 v2.0.4/go.mod h1:tgQtvFlXSQOSOSIRvRPT7W67SCa46tRHOmNcaadrF8o=
github.com/inconshreveable/mousetrap v1.1.0 h1:wN+x4NVGpMsO7ErUn/mUI3vEoE6Jt13X2s0bqwp9tc8=
github.com/inconshreveable/mousetrap v1.1.0/go.mod h1:vpF70FUmC8bwa3OWnCshd2FqLfsEA9PFc4w1p2J65bw=
github.com/russross/blackfriday/v2 v2.1.0/go.mod h1:+Rmxgy9KzJVeS9/2gXHxylqXiyQDYRxCVz55jmeOWTM=
github.com/spf13/cobra v1.8.1 h1:e5/vxKd/rZsfSJMUX1agtjeTDf+qv1/JdBF8gg5k9ZM=
github.com/spf13/cobra v1.8.1/go.mod h1:wHxEcudfqmLYa8iTfL+OuZPbBZkmvliBWKIezN3kD9Y=
github.com/spf13/pflag v1.0.5/go.mod h1:McXfInJRrz4CZXVZOBLb0bTZqETkiAhM9Iw0y3An2Bg=
github.com/spf13/pflag v1.0.6 h1:jFzHGLGAlb3ruxLB8MhbI6A8+AQX/2eW4qeyNZXNp2o=
github.com/spf13/pflag v1.0.6/go.mod h1:McXfInJRrz4CZXVZOBLb0bTZqETkiAhM9Iw0y3An2Bg=
github.com/vldcreation/helpme-package/pkg v0.0.0-20250317064941-1ed536418eaf h1:clPomwDa1jJSDVJ8zu+M49RkAvktWYGvnhMMT6Tdvn0=
github.com/vldcreation/helpme-package/pkg v0.0.0-20250317064941-1ed536418eaf/go.mod h1:Vu8Z4QG5jligqd8GJ3iOKnBDHZd3yyQ7YydBmAD1JGk=
github.com/vldcreation/helpme-package/pkg v0.0.0-20250317065532-b7d9735a9b6f h1:JpHRGTLzf93v9InfWa24EUj+XrgtExMWZqOqsNQ6WNI=
github.com/vldcreation/helpme-package/pkg v0.0.0-20250317065532-b7d9735a9b6f/go.mod h1:Vu8Z4QG5jligqd8GJ3iOKnBDHZd3yyQ7YydBmAD1JGk=
github.com/vldcreation/helpme-package/pkg v0.0.0-20250317071122-a35a049f4617 h1:GjgKrZvevSAyYQYGVc+onTy+o8eOIatYy1fqyCu+6jU=
github.com/vldcreation/helpme-package/pkg v0.0.0-20250317071122-a35a049f4617/go.mod h1:Vu8Z4QG5jligqd8GJ3iOKnBDHZd3yyQ7YydBmAD1JGk=
github.com/vldcreation/helpme-package/pkg v0.0.0-20250317080657-1d02c41ec226 h1:P7ggBWBdlZwjiEV4I1zdY2c9QSl3TmOyYKPu0pn4o8g=
github.com/vldcreation/helpme-package/pkg v0.0.0-20250317080657-1d02c41ec226/go.mod h1:Vu8Z4QG5jligqd8GJ3iOKnBDHZd3yyQ7YydBmAD1JGk=
github.com/vldcreation/helpme-package/pkg v0.0.0-20250317081203-0cd4229beb8a h1:AeRwEQ5LxyLlUmAx+Tedf5KXUngZ5l+Ym+6iRtiegpE=
github.com/vldcreation/helpme-package/pkg v0.0.0-20250317081203-0cd4229beb8a/go.mod h1:Vu8Z4QG5jligqd8GJ3iOKnBDHZd3yyQ7YydBmAD1JGk=
github.com/vldcreation/helpme-package/pkg v0.0.0-20250317082745-af4ddacd0e1e h1:wjcNXPXkNjMl4EAdMsQagIaAAO/DnQk0xZvczqdZJvc=
github.com/vldcreation/helpme-package/pkg v0.0.0-20250317082745-af4ddacd0e1e/go.mod h1:Vu8Z4QG5jligqd8GJ3iOKnBDHZd3yyQ7YydBmAD1JGk=
github.com/vldcreation/helpme-package/pkg v0.0.0-20250317083544-b416b8769f4a h1:rRkJFUs44sxSLj1cQKmELVwNqt0szLzcn7+Dn4kOvB8=
github.com/vldcreation/helpme-package/pkg v0.0.0-20250317083544-b416b8769f4a/go.mod h1:Vu8Z4QG5jligqd8GJ3iOKnBDHZd3yyQ7YydBmAD1JGk=
github.com/vldcreation/helpme-package/pkg v0.0.0-20250317083705-cfef6f55d420 h1:5KMPk9KOMGyO/uEvUGau870ZsigSa2Rs0b6m44P67bQ=
github.com/vldcreation/helpme-package/pkg v0.0.0-20250317083705-cfef6f55d420/go.mod h1:Vu8Z4QG5jligqd8GJ3iOKnBDHZd3yyQ7YydBmAD1JGk=
github.com/vldcreation/helpme-package/pkg v0.0.0-20250317084023-b056d7e17de8 h1:1O7R+QUL+Cs4bwzRvYaYBLoK3xuZod0NtAxDF7V8YHk=
github.com/vldcreation/helpme-package/pkg v0.0.0-20250317084023-b056d7e17de8/go.mod h1:Vu8Z4QG5jligqd8GJ3iOKnBDHZd3yyQ7YydBmAD1JGk=
github.com/vldcreation/helpme-package/pkg v0.0.0-20250317085602-d7af81720b25 h1:8dddy6QP4LAzi5Wxxz4BzyvKOX3JDY5Ie146R2OF5eg=
github.com/vldcreation/helpme-package/pkg v0.0.0-20250317085602-d7af81720b25/go.mod h1:Vu8Z4QG5jligqd8GJ3iOKnBDHZd3yyQ7YydBmAD1JGk=
github.com/vldcreation/helpme-package/pkg v0.0.0-20250318055416-f6df0d664710 h1:MHNPBoj0xa50Vq95pJpd5s/kSADQyaVUt0RQv1Sflsc=
github.com/vldcreation/helpme-package/pkg v0.0.0-20250318055416-f6df0d664710/go.mod h1:Vu8Z4QG5jligqd8GJ3iOKnBDHZd3yyQ7YydBmAD1JGk=
github.com/vldcreation/helpme-package/pkg v0.0.0-20250318055914-504928e8d42c h1:U5g3aj81HhwRPbsPi9JaVtLjMbKBiZ7ioHQGoQSa6Dw=
github.com/vldcreation/helpme-package/pkg v0.0.0-20250318055914-504928e8d42c/go.mod h1:Vu8Z4QG5jligqd8GJ3iOKnBDHZd3yyQ7YydBmAD1JGk=
github.com/vldcreation/helpme-package/pkg v0.0.0-20250319033435-58fa32f9147b h1:JquykNyIXDaZDhSGp1L4d4w2pwqQvFPVgaiE/jIXdKs=
github.com/vldcreation/helpme-package/pkg v0.0.0-20250319033435-58fa32f9147b/go.mod h1:Vu8Z4QG5jligqd8GJ3iOKnBDHZd3yyQ7YydBmAD1JGk=
github.com/vldcreation/helpme-package/pkg v0.0.0-20250319033709-b3a0698e514b h1:WDXZ+obULQSImxiqbBk/nRl7boBfD2p3+zr2tNYk6As=
github.com/vldcreation/helpme-package/pkg v0.0.0-20250319033709-b3a0698e514b/go.mod h1:Vu8Z4QG5jligqd8GJ3iOKnBDHZd3yyQ7YydBmAD1JGk=
github.com/vldcreation/helpme-package/pkg v0.0.0-20250319034329-1996718746bf h1:qTGn1Lmv/NMQUHAyAd5E+pYdvcqZ1VSX/SBDvdv41zQ=
github.com/vldcreation/helpme-package/pkg v0.0.0-20250319034329-1996718746bf/go.mod h1:Vu8Z4QG5jligqd8GJ3iOKnBDHZd3yyQ7YydBmAD1JGk=
github.com/yuin/goldmark v1.4.13/go.mod h1:6yULJ656Px+3vBD8DxQVa3kxgyrAnzto9xy5taEt/CY=
golang.design/x/clipboard v0.7.0 h1:4Je8M/ys9AJumVnl8m+rZnIvstSnYj1fvzqYrU3TXvo=
golang.design/x/clipboard v0.7.0/go.mod h1:PQIvqYO9GP29yINEfsEn5zSQKAz3UgXmZKzDA6dnq2E=
golang.org/x/crypto v0.0.0-20190308221718-c2843e01d9a2/go.mod h1:djNgcEr1/C05ACkg1iLfiJU5Ep61QUkGW8qpdssI0+w=
golang.org/x/crypto v0.0.0-20190510104115-cbcb75029529/go.mod h1:yigFU9vqHzYiE8UmvKecakEJjdnWj3jj499lnFckfCI=
golang.org/x/crypto v0.0.0-20210921155107-089bfa567519/go.mod h1:GvvjBRRGRdwPK5ydBHafDWAxML/pGHZbMvKqRZ5+Abc=
golang.org/x/exp v0.0.0-20190731235908-ec7cb31e5a56 h1:estk1glOnSVeJ9tdEZZc5mAMDZk5lNJNyJ6DvrBkTEU=
golang.org/x/exp v0.0.0-20190731235908-ec7cb31e5a56/go.mod h1:JhuoJpWY28nO4Vef9tZUw9qufEGTyX1+7lmHxV5q5G4=
golang.org/x/image v0.0.0-20190227222117-0694c2d4d067/go.mod h1:kZ7UVZpmo3dzQBMxlp+ypCbDeSB+sBbTgSJuh5dn5js=
golang.org/x/image v0.6.0 h1:bR8b5okrPI3g/gyZakLZHeWxAR8Dn5CyxXv1hLH5g/4=
golang.org/x/image v0.6.0/go.mod h1:MXLdDR43H7cDJq5GEGXEVeeNhPgi+YYEQ2pC1byI1x0=
golang.org/x/mobile v0.0.0-20190312151609-d3739f865fa6/go.mod h1:z+o9i4GpDbdi3rU15maQ/Ox0txvL9dWGYEHz965HBQE=
golang.org/x/mobile v0.0.0-20230301163155-e0f57694e12c h1:Gk61ECugwEHL6IiyyNLXNzmu8XslmRP2dS0xjIYhbb4=
golang.org/x/mobile v0.0.0-20230301163155-e0f57694e12c/go.mod h1:aAjjkJNdrh3PMckS4B10TGS2nag27cbKR1y2BpUxsiY=
golang.org/x/mod v0.1.0/go.mod h1:0QHyrYULN0/3qlju5TqG8bIK38QM8yzMo5ekMj3DlcY=
golang.org/x/mod v0.6.0-dev.0.20220419223038-86c51ed26bb4/go.mod h1:jJ57K6gSWd91VN4djpZkiMVwK6gcyfeH4XE8wZrZaV4=
golang.org/x/mod v0.8.0/go.mod h1:iBbtSCu2XBx23ZKBPSOrRkjjQPZFPuis4dIYUhu/chs=
golang.org/x/net v0.0.0-20190311183353-d8887717615a/go.mod h1:t9HGtf8HONx5eT2rtn7q6eTqICYqUVnKs3thJo3Qplg=
golang.org/x/net v0.0.0-20190404232315-eb5bcb51f2a3/go.mod h1:t9HGtf8HONx5eT2rtn7q6eTqICYqUVnKs3thJo3Qplg=
golang.org/x/net v0.0.0-20190620200207-3b0461eec859/go.mod h1:z5CRVTTTmAJ677TzLLGU+0bjPO0LkuOLi4/5GtJWs/s=
golang.org/x/net v0.0.0-20210226172049-e18ecbb05110/go.mod h1:m0MpNAwzfU5UDzcl9v0D8zg8gWTRqZa9RBIspLL5mdg=
golang.org/x/net v0.0.0-20220722155237-a158d28d115b/go.mod h1:XRhObCWvk6IyKnWLug+ECip1KBveYUHfp+8e9klMJ9c=
golang.org/x/net v0.6.0/go.mod h1:2Tu9+aMcznHK/AK1HMvgo6xiTLG5rD5rZLDS+rp2Bjs=
golang.org/x/net v0.35.0 h1:T5GQRQb2y08kTAByq9L4/bz8cipCdA8FbRTXewonqY8=
golang.org/x/net v0.35.0/go.mod h1:EglIi67kWsHKlRzzVMUD93VMSWGFOMSZgxFjparz1Qk=
golang.org/x/sync v0.0.0-20190423024810-112230192c58/go.mod h1:RxMgew5VJxzue5/jJTE5uejpjVlOe/izrB70Jof72aM=
golang.org/x/sync v0.0.0-20220722155255-886fb9371eb4/go.mod h1:RxMgew5VJxzue5/jJTE5uejpjVlOe/izrB70Jof72aM=
golang.org/x/sync v0.1.0/go.mod h1:RxMgew5VJxzue5/jJTE5uejpjVlOe/izrB70Jof72aM=
golang.org/x/sys v0.0.0-20190215142949-d0b11bdaac8a/go.mod h1:STP8DvDyc/dI5b8T5hshtkjS+E42TnysNCUPdjciGhY=
golang.org/x/sys v0.0.0-20190412213103-97732733099d/go.mod h1:h1NjWce9XRLGQEsW7wpKNCjG9DtNlClVuFLEZdDNbEs=
golang.org/x/sys v0.0.0-20201119102817-f84b799fce68/go.mod h1:h1NjWce9XRLGQEsW7wpKNCjG9DtNlClVuFLEZdDNbEs=
golang.org/x/sys v0.0.0-20210615035016-665e8c7367d1/go.mod h1:oPkhp1MJrh7nUepCBck5+mAzfO9JrbApNNgaTdGDITg=
golang.org/x/sys v0.0.0-20220520151302-bc2c85ada10a/go.mod h1:oPkhp1MJrh7nUepCBck5+mAzfO9JrbApNNgaTdGDITg=
golang.org/x/sys v0.0.0-20220722155257-8c9f86f7a55f/go.mod h1:oPkhp1MJrh7nUepCBck5+mAzfO9JrbApNNgaTdGDITg=
golang.org/x/sys v0.5.0/go.mod h1:oPkhp1MJrh7nUepCBck5+mAzfO9JrbApNNgaTdGDITg=
golang.org/x/sys v0.30.0 h1:QjkSwP/36a20jFYWkSue1YwXzLmsV5Gfq7Eiy72C1uc=
golang.org/x/sys v0.30.0/go.mod h1:/VUhepiaJMQUp4+oa/7Zr1D23ma6VTLIYjOOTFZPUcA=
golang.org/x/term v0.0.0-20201126162022-7de9c90e9dd1/go.mod h1:bj7SfCRtBDWHUb9snDiAeCFNEtKQo2Wmx5Cou7ajbmo=
golang.org/x/term v0.0.0-20210927222741-03fcf44c2211/go.mod h1:jbD1KX2456YbFQfuXm/mYQcufACuNUgVhRMnK/tPxf8=
golang.org/x/term v0.5.0/go.mod h1:jMB1sMXY+tzblOD4FWmEbocvup2/aLOaQEp7JmGp78k=
golang.org/x/text v0.3.0/go.mod h1:NqM8EUOU14njkJ3fqMW+pc6Ldnwhi/IjpwHt7yyuwOQ=
golang.org/x/text v0.3.3/go.mod h1:5Zoc/QRtKVWzQhOtBMvqHzDpF6irO9z98xDceosuGiQ=
golang.org/x/text v0.3.7/go.mod h1:u+2+/6zg+i71rQMx5EYifcz6MCKuco9NR6JIITiCfzQ=
golang.org/x/text v0.7.0/go.mod h1:mrYo+phRRbMaCq/xk9113O4dZlRixOauAjOtrjsXDZ8=
golang.org/x/text v0.8.0/go.mod h1:e1OnstbJyHTd6l/uOt8jFFHp6TRDWZR/bV3emEE/zU8=
golang.org/x/tools v0.0.0-20180917221912-90fa682c2a6e/go.mod h1:n7NCudcB/nEzxVGmLbDWY5pfWTLqBcC2KZ6jyYvM4mQ=
golang.org/x/tools v0.0.0-20190312151545-0bb0c0a6e846/go.mod h1:LCzVGOaR6xXOjkQ3onu1FJEFr0SW1gC7cKk1uF8kGRs=
golang.org/x/tools v0.0.0-20191119224855-298f0cb1881e/go.mod h1:b+2E5dAYhXwXZwtnZ6UAqBI28+e2cm9otk0dWdXHAEo=
golang.org/x/tools v0.1.12/go.mod h1:hNGJHUnrk76NpqgfD5Aqm5Crs+Hm0VOH/i9J2+nxYbc=
golang.org/x/tools v0.6.0/go.mod h1:Xwgl3UAJ/d3gWutnCtw505GrjyAbvKui8lOU390QaIU=
golang.org/x/xerrors v0.0.0-20190717185122-a985d3407aa7/go.mod h1:I/5z698sn9Ka8TeJc9MKroUUfqBBauWjQqLJ2OPfmY0=
gopkg.in/check.v1 v0.0.0-20161208181325-20d25e280405/go.mod h1:Co6ibVJAznAaIkqp8huTwlJQCZ016jof/cbN4VW5Yz0=
gopkg.in/yaml.v3 v3.0.1/go.mod h1:K4uyk7z7BCEPqu6E+C64Yfv1cQ7kz7rIZviUmN+EgEM=
